
Microsoft Visual Studio Solution File, Format Version 12.00
# Visual Studio Version 17
VisualStudioVersion = 17.2.32505.173
MinimumVisualStudioVersion = 10.0.40219.1
Project("{FAE04EC0-301F-11D3-BF4B-00C04F79EFBC}") = "WEBII", "WEBII\WEBII.csproj", "{58AB839A-ABC7-48E1-873D-7253CF44D172}"
EndProject
Global
	GlobalSection(SolutionConfigurationPlatforms) = preSolution
		Debug|Any CPU = Debug|Any CPU
		Release|Any CPU = Release|Any CPU
	EndGlobalSection
	GlobalSection(ProjectConfigurationPlatforms) = postSolution
		{58AB839A-ABC7-48E1-873D-7253CF44D172}.Debug|Any CPU.ActiveCfg = Debug|Any CPU
		{58AB839A-ABC7-48E1-873D-7253CF44D172}.Debug|Any CPU.Build.0 = Debug|Any CPU
		{58AB839A-ABC7-48E1-873D-7253CF44D172}.Release|Any CPU.ActiveCfg = Release|Any CPU
		{58AB839A-ABC7-48E1-873D-7253CF44D172}.Release|Any CPU.Build.0 = Release|Any CPU
	EndGlobalSection
	GlobalSection(SolutionProperties) = preSolution
		HideSolutionNode = FALSE
	EndGlobalSection
	GlobalSection(ExtensibilityGlobals) = postSolution
		SolutionGuid = {178678D3-147E-48E5-B25A-8086565EAB20}
	EndGlobalSection
EndGlobal
